
Microsoft Visual Studio Solution File, Format Version 12.00
# Visual Studio Version 17
VisualStudioVersion = 17.3.32519.111
MinimumVisualStudioVersion = 10.0.40219.1
Project("{FAE04EC0-301F-11D3-BF4B-00C04F79EFBC}") = "ServiceLayer", "ServiceLayer\ServiceLayer.csproj", "{4E687D04-6A7E-47ED-BF38-A32E4FAE0BF5}"
EndProject
Project("{9A19103F-16F7-4668-BE54-9A1E7A4F7556}") = "RestedApi", "RestedApi\RestedApi.csproj", "{F35B7116-E0CB-40B7-BCA3-1C337FA3E3FB}"
EndProject
Project("{FAE04EC0-301F-11D3-BF4B-00C04F79EFBC}") = "Model", "Model\Model.csproj", "{93E89EF2-AD14-4517-929D-A98AA85D4A9E}"
EndProject
Global
	GlobalSection(SolutionConfigurationPlatforms) = preSolution
		Debug|Any CPU = Debug|Any CPU
		Debug|ARM = Debug|ARM
		Debug|ARM64 = Debug|ARM64
		Debug|x64 = Debug|x64
		Debug|x86 = Debug|x86
		Release|Any CPU = Release|Any CPU
		Release|ARM = Release|ARM
		Release|ARM64 = Release|ARM64
		Release|x64 = Release|x64
		Release|x86 = Release|x86
	EndGlobalSection
	GlobalSection(ProjectConfigurationPlatforms) = postSolution
		{4E687D04-6A7E-47ED-BF38-A32E4FAE0BF5}.Debug|Any CPU.ActiveCfg = Debug|Any CPU
		{4E687D04-6A7E-47ED-BF38-A32E4FAE0BF5}.Debug|Any CPU.Build.0 = Debug|Any CPU
		{4E687D04-6A7E-47ED-BF38-A32E4FAE0BF5}.Debug|ARM.ActiveCfg = Debug|Any CPU
		{4E687D04-6A7E-47ED-BF38-A32E4FAE0BF5}.Debug|ARM.Build.0 = Debug|Any CPU
		{4E687D04-6A7E-47ED-BF38-A32E4FAE0BF5}.Debug|ARM64.ActiveCfg = Debug|Any CPU
		{4E687D04-6A7E-47ED-BF38-A32E4FAE0BF5}.Debug|ARM64.Build.0 = Debug|Any CPU
		{4E687D04-6A7E-47ED-BF38-A32E4FAE0BF5}.Debug|x64.ActiveCfg = Debug|Any CPU
		{4E687D04-6A7E-47ED-BF38-A32E4FAE0BF5}.Debug|x64.Build.0 = Debug|Any CPU
		{4E687D04-6A7E-47ED-BF38-A32E4FAE0BF5}.Debug|x86.ActiveCfg = Debug|Any CPU
		{4E687D04-6A7E-47ED-BF38-A32E4FAE0BF5}.Debug|x86.Build.0 = Debug|Any CPU
		{4E687D04-6A7E-47ED-BF38-A32E4FAE0BF5}.Release|Any CPU.ActiveCfg = Release|Any CPU
		{4E687D04-6A7E-47ED-BF38-A32E4FAE0BF5}.Release|Any CPU.Build.0 = Release|Any CPU
		{4E687D04-6A7E-47ED-BF38-A32E4FAE0BF5}.Release|ARM.ActiveCfg = Release|Any CPU
		{4E687D04-6A7E-47ED-BF38-A32E4FAE0BF5}.Release|ARM.Build.0 = Release|Any CPU
		{4E687D04-6A7E-47ED-BF38-A32E4FAE0BF5}.Release|ARM64.ActiveCfg = Release|Any CPU
		{4E687D04-6A7E-47ED-BF38-A32E4FAE0BF5}.Release|ARM64.Build.0 = Release|Any CPU
		{4E687D04-6A7E-47ED-BF38-A32E4FAE0BF5}.Release|x64.ActiveCfg = Release|Any CPU
		{4E687D04-6A7E-47ED-BF38-A32E4FAE0BF5}.Release|x64.Build.0 = Release|Any CPU
		{4E687D04-6A7E-47ED-BF38-A32E4FAE0BF5}.Release|x86.ActiveCfg = Release|Any CPU
		{4E687D04-6A7E-47ED-BF38-A32E4FAE0BF5}.Release|x86.Build.0 = Release|Any CPU
		{F35B7116-E0CB-40B7-BCA3-1C337FA3E3FB}.Debug|Any CPU.ActiveCfg = Debug|Any CPU
		{F35B7116-E0CB-40B7-BCA3-1C337FA3E3FB}.Debug|Any CPU.Build.0 = Debug|Any CPU
		{F35B7116-E0CB-40B7-BCA3-1C337FA3E3FB}.Debug|ARM.ActiveCfg = Debug|Any CPU
		{F35B7116-E0CB-40B7-BCA3-1C337FA3E3FB}.Debug|ARM.Build.0 = Debug|Any CPU
		{F35B7116-E0CB-40B7-BCA3-1C337FA3E3FB}.Debug|ARM64.ActiveCfg = Debug|Any CPU
		{F35B7116-E0CB-40B7-BCA3-1C337FA3E3FB}.Debug|ARM64.Build.0 = Debug|Any CPU
		{F35B7116-E0CB-40B7-BCA3-1C337FA3E3FB}.Debug|x64.ActiveCfg = Debug|Any CPU
		{F35B7116-E0CB-40B7-BCA3-1C337FA3E3FB}.Debug|x64.Build.0 = Debug|Any CPU
		{F35B7116-E0CB-40B7-BCA3-1C337FA3E3FB}.Debug|x86.ActiveCfg = Debug|Any CPU
		{F35B7116-E0CB-40B7-BCA3-1C337FA3E3FB}.Debug|x86.Build.0 = Debug|Any CPU
		{F35B7116-E0CB-40B7-BCA3-1C337FA3E3FB}.Release|Any CPU.ActiveCfg = Release|Any CPU
		{F35B7116-E0CB-40B7-BCA3-1C337FA3E3FB}.Release|Any CPU.Build.0 = Release|Any CPU
		{F35B7116-E0CB-40B7-BCA3-1C337FA3E3FB}.Release|ARM.ActiveCfg = Release|Any CPU
		{F35B7116-E0CB-40B7-BCA3-1C337FA3E3FB}.Release|ARM.Build.0 = Release|Any CPU
		{F35B7116-E0CB-40B7-BCA3-1C337FA3E3FB}.Release|ARM64.ActiveCfg = Release|Any CPU
		{F35B7116-E0CB-40B7-BCA3-1C337FA3E3FB}.Release|ARM64.Build.0 = Release|Any CPU
		{F35B7116-E0CB-40B7-BCA3-1C337FA3E3FB}.Release|x64.ActiveCfg = Release|Any CPU
		{F35B7116-E0CB-40B7-BCA3-1C337FA3E3FB}.Release|x64.Build.0 = Release|Any CPU
		{F35B7116-E0CB-40B7-BCA3-1C337FA3E3FB}.Release|x86.ActiveCfg = Release|Any CPU
		{F35B7116-E0CB-40B7-BCA3-1C337FA3E3FB}.Release|x86.Build.0 = Release|Any CPU
		{93E89EF2-AD14-4517-929D-A98AA85D4A9E}.Debug|Any CPU.ActiveCfg = Debug|Any CPU
		{93E89EF2-AD14-4517-929D-A98AA85D4A9E}.Debug|Any CPU.Build.0 = Debug|Any CPU
		{93E89EF2-AD14-4517-929D-A98AA85D4A9E}.Debug|ARM.ActiveCfg = Debug|Any CPU
		{93E89EF2-AD14-4517-929D-A98AA85D4A9E}.Debug|ARM.Build.0 = Debug|Any CPU
		{93E89EF2-AD14-4517-929D-A98AA85D4A9E}.Debug|ARM64.ActiveCfg = Debug|Any CPU
		{93E89EF2-AD14-4517-929D-A98AA85D4A9E}.Debug|ARM64.Build.0 = Debug|Any CPU
		{93E89EF2-AD14-4517-929D-A98AA85D4A9E}.Debug|x64.ActiveCfg = Debug|Any CPU
		{93E89EF2-AD14-4517-929D-A98AA85D4A9E}.Debug|x64.Build.0 = Debug|Any CPU
		{93E89EF2-AD14-4517-929D-A98AA85D4A9E}.Debug|x86.ActiveCfg = Debug|Any CPU
		{93E89EF2-AD14-4517-929D-A98AA85D4A9E}.Debug|x86.Build.0 = Debug|Any CPU
		{93E89EF2-AD14-4517-929D-A98AA85D4A9E}.Release|Any CPU.ActiveCfg = Release|Any CPU
		{93E89EF2-AD14-4517-929D-A98AA85D4A9E}.Release|Any CPU.Build.0 = Release|Any CPU
		{93E89EF2-AD14-4517-929D-A98AA85D4A9E}.Release|ARM.ActiveCfg = Release|Any CPU
		{93E89EF2-AD14-4517-929D-A98AA85D4A9E}.Release|ARM.Build.0 = Release|Any CPU
		{93E89EF2-AD14-4517-929D-A98AA85D4A9E}.Release|ARM64.ActiveCfg = Release|Any CPU
		{93E89EF2-AD14-4517-929D-A98AA85D4A9E}.Release|ARM64.Build.0 = Release|Any CPU
		{93E89EF2-AD14-4517-929D-A98AA85D4A9E}.Release|x64.ActiveCfg = Release|Any CPU
		{93E89EF2-AD14-4517-929D-A98AA85D4A9E}.Release|x64.Build.0 = Release|Any CPU
		{93E89EF2-AD14-4517-929D-A98AA85D4A9E}.Release|x86.ActiveCfg = Release|Any CPU
		{93E89EF2-AD14-4517-929D-A98AA85D4A9E}.Release|x86.Build.0 = Release|Any CPU
	EndGlobalSection
	GlobalSection(SolutionProperties) = preSolution
		HideSolutionNode = FALSE
	EndGlobalSection
	GlobalSection(ExtensibilityGlobals) = postSolution
		SolutionGuid = {134B4625-7757-4715-933B-C2C852B64FDF}
	EndGlobalSection
EndGlobal
